{
  "version": 4,
  "terraform_version": "1.8.3",
  "serial": 150,
  "lineage": "e7e6a29c-08f8-44a4-7866-0ce195373a5a",
  "outputs": {},
  "resources": [
    {
      "mode": "managed",
      "type": "aws_docdb_cluster",
      "name": "docsdb_bigstoremanager",
      "provider": "provider[\"registry.terraform.io/hashicorp/aws\"]",
      "instances": [
        {
          "schema_version": 0,
          "attributes": {
            "allow_major_version_upgrade": null,
            "apply_immediately": null,
            "arn": "arn:aws:rds:us-east-2:742880761037:cluster:docsdb-bigstoremanager",
            "availability_zones": [
              "us-east-2a",
              "us-east-2b",
              "us-east-2c"
            ],
            "backup_retention_period": 1,
            "cluster_identifier": "docsdb-bigstoremanager",
            "cluster_identifier_prefix": "",
            "cluster_members": [],
            "cluster_resource_id": "cluster-GTKP4VZNIZVSBDGH736EK4GWRI",
            "db_cluster_parameter_group_name": "default.docdb5.0",
            "db_subnet_group_name": "default",
            "deletion_protection": false,
            "enabled_cloudwatch_logs_exports": [],
            "endpoint": "docsdb-bigstoremanager.cluster-cxk62q2i05ke.us-east-2.docdb.amazonaws.com",
            "engine": "docdb",
            "engine_version": "5.0.0",
            "final_snapshot_identifier": null,
            "global_cluster_identifier": "",
            "hosted_zone_id": "Z7L8695A82IZ6",
            "id": "docsdb-bigstoremanager",
            "kms_key_id": "",
            "master_password": "admin_master_password",
            "master_username": "admin_master_username",
            "port": 27017,
            "preferred_backup_window": "06:32-07:02",
            "preferred_maintenance_window": "sat:05:07-sat:05:37",
            "reader_endpoint": "docsdb-bigstoremanager.cluster-ro-cxk62q2i05ke.us-east-2.docdb.amazonaws.com",
            "restore_to_point_in_time": [],
            "skip_final_snapshot": false,
            "snapshot_identifier": null,
            "storage_encrypted": false,
            "storage_type": "",
            "tags": {
              "Name": "docsdb-bigstoremanager"
            },
            "tags_all": {
              "Name": "docsdb-bigstoremanager"
            },
            "timeouts": null,
            "vpc_security_group_ids": [
              "sg-08207a4062d01caad"
            ]
          },
          "sensitive_attributes": [
            [
              {
                "type": "get_attr",
                "value": "master_password"
              }
            ]
          ],
          "private": "eyJlMmJmYjczMC1lY2FhLTExZTYtOGY4OC0zNDM2M2JjN2M0YzAiOnsiY3JlYXRlIjo3MjAwMDAwMDAwMDAwLCJkZWxldGUiOjcyMDAwMDAwMDAwMDAsInVwZGF0ZSI6NzIwMDAwMDAwMDAwMH19"
        }
      ]
    }
  ],
  "check_results": null
}
